// !$*UTF8*$!
{
	archiveVersion = 1;
	classes = {
	};
	objectVersion = 46;
	objects = {

/* Begin PBXBuildFile section */
		A192FC291A3A3C4100B36C15 /* main.m in Sources */ = {isa = PBXBuildFile; fileRef = A192FC281A3A3C4100B36C15 /* main.m */; };
		A192FC2C1A3A3C4100B36C15 /* AppDelegate.m in Sources */ = {isa = PBXBuildFile; fileRef = A192FC2B1A3A3C4100B36C15 /* AppDelegate.m */; };
		A192FC2F1A3A3C4100B36C15 /* ViewController.m in Sources */ = {isa = PBXBuildFile; fileRef = A192FC2E1A3A3C4100B36C15 /* ViewController.m */; };
		A192FC341A3A3C4200B36C15 /* Images.xcassets in Resources */ = {isa = PBXBuildFile; fileRef = A192FC331A3A3C4200B36C15 /* Images.xcassets */; };
		A192FC371A3A3C4200B36C15 /* LaunchScreen.xib in Resources */ = {isa = PBXBuildFile; fileRef = A192FC351A3A3C4200B36C15 /* LaunchScreen.xib */; };
		A192FC431A3A3C4200B36C15 /* AlcolatorTests.m in Sources */ = {isa = PBXBuildFile; fileRef = A192FC421A3A3C4200B36C15 /* AlcolatorTests.m */; };
		A192FC4E1A42353E00B36C15 /* WhiskeyViewController.m in Sources */ = {isa = PBXBuildFile; fileRef = A192FC4D1A42353E00B36C15 /* WhiskeyViewController.m */; };
		A192FC511A434C2D00B36C15 /* MainMenuViewController.m in Sources */ = {isa = PBXBuildFile; fileRef = A192FC501A434C2D00B36C15 /* MainMenuViewController.m */; };
/* End PBXBuildFile section */

/* Begin PBXContainerItemProxy section */
		A192FC3D1A3A3C4200B36C15 /* PBXContainerItemProxy */ = {
			isa = PBXContainerItemProxy;
			containerPortal = A192FC1B1A3A3C4100B36C15 /* Project object */;
			proxyType = 1;
			remoteGlobalIDString = A192FC221A3A3C4100B36C15;
			remoteInfo = Alcolator;
		};
/* End PBXContainerItemProxy section */

/* Begin PBXFileReference section */
		A192FC231A3A3C4100B36C15 /* Alcolator.app */ = {isa = PBXFileReference; explicitFileType = wrapper.application; includeInIndex = 0; path = Alcolator.app; sourceTree = BUILT_PRODUCTS_DIR; };
		A192FC271A3A3C4100B36C15 /* Info.plist */ = {isa = PBXFileReference; lastKnownFileType = text.plist.xml; path = Info.plist; sourceTree = "<group>"; };
		A192FC281A3A3C4100B36C15 /* main.m */ = {isa = PBXFileReference; lastKnownFileType = sourcecode.c.objc; path = main.m; sourceTree = "<group>"; };
		A192FC2A1A3A3C4100B36C15 /* AppDelegate.h */ = {isa = PBXFileReference; lastKnownFileType = sourcecode.c.h; path = AppDelegate.h; sourceTree = "<group>"; };
		A192FC2B1A3A3C4100B36C15 /* AppDelegate.m */ = {isa = PBXFileReference; lastKnownFileType = sourcecode.c.objc; path = AppDelegate.m; sourceTree = "<group>"; };
		A192FC2D1A3A3C4100B36C15 /* ViewController.h */ = {isa = PBXFileReference; lastKnownFileType = sourcecode.c.h; path = ViewController.h; sourceTree = "<group>"; };
		A192FC2E1A3A3C4100B36C15 /* ViewController.m */ = {isa = PBXFileReference; lastKnownFileType = sourcecode.c.objc; path = ViewController.m; sourceTree = "<group>"; };
		A192FC331A3A3C4200B36C15 /* Images.xcassets */ = {isa = PBXFileReference; lastKnownFileType = folder.assetcatalog; path = Images.xcassets; sourceTree = "<group>"; };
		A192FC361A3A3C4200B36C15 /* Base */ = {isa = PBXFileReference; lastKnownFileType = file.xib; name = Base; path = Base.lproj/LaunchScreen.xib; sourceTree = "<group>"; };
		A192FC3C1A3A3C4200B36C15 /* AlcolatorTests.xctest */ = {isa = PBXFileReference; explicitFileType = wrapper.cfbundle; includeInIndex = 0; path = AlcolatorTests.xctest; sourceTree = BUILT_PRODUCTS_DIR; };
		A192FC411A3A3C4200B36C15 /* Info.plist */ = {isa = PBXFileReference; lastKnownFileType = text.plist.xml; path = Info.plist; sourceTree = "<group>"; };
		A192FC421A3A3C4200B36C15 /* AlcolatorTests.m */ = {isa = PBXFileReference; lastKnownFileType = sourcecode.c.objc; path = AlcolatorTests.m; sourceTree = "<group>"; };
		A192FC4C1A42353E00B36C15 /* WhiskeyViewController.h */ = {isa = PBXFileReference; fileEncoding = 4; lastKnownFileType = sourcecode.c.h; path = WhiskeyViewController.h; sourceTree = "<group>"; };
		A192FC4D1A42353E00B36C15 /* WhiskeyViewController.m */ = {isa = PBXFileReference; fileEncoding = 4; lastKnownFileType = sourcecode.c.objc; path = WhiskeyViewController.m; sourceTree = "<group>"; };
		A192FC4F1A434C2D00B36C15 /* MainMenuViewController.h */ = {isa = PBXFileReference; fileEncoding = 4; lastKnownFileType = sourcecode.c.h; name = MainMenuViewController.h; path = ../MainMenuViewController.h; sourceTree = "<group>"; };
		A192FC501A434C2D00B36C15 /* MainMenuViewController.m */ = {isa = PBXFileReference; fileEncoding = 4; lastKnownFileType = sourcecode.c.objc; name = MainMenuViewController.m; path = ../MainMenuViewController.m; sourceTree = "<group>"; };
/* End PBXFileReference section */

/* Begin PBXFrameworksBuildPhase section */
		A192FC201A3A3C4100B36C15 /* Frameworks */ = {
			isa = PBXFrameworksBuildPhase;
			buildActionMask = 2147483647;
			files = (
			);
			runOnlyForDeploymentPostprocessing = 0;
		};
		A192FC391A3A3C4200B36C15 /* Frameworks */ = {
			isa = PBXFrameworksBuildPhase;
			buildActionMask = 2147483647;
			files = (
			);
			runOnlyForDeploymentPostprocessing = 0;
		};
/* End PBXFrameworksBuildPhase section */

/* Begin PBXGroup section */
		A192FC1A1A3A3C4100B36C15 = {
			isa = PBXGroup;
			children = (
				A192FC251A3A3C4100B36C15 /* Alcolator */,
				A192FC3F1A3A3C4200B36C15 /* AlcolatorTests */,
				A192FC241A3A3C4100B36C15 /* Products */,
			);
			sourceTree = "<group>";
		};
		A192FC241A3A3C4100B36C15 /* Products */ = {
			isa = PBXGroup;
			children = (
				A192FC231A3A3C4100B36C15 /* Alcolator.app */,
				A192FC3C1A3A3C4200B36C15 /* AlcolatorTests.xctest */,
			);
			name = Products;
			sourceTree = "<group>";
		};
		A192FC251A3A3C4100B36C15 /* Alcolator */ = {
			isa = PBXGroup;
			children = (
				A192FC2A1A3A3C4100B36C15 /* AppDelegate.h */,
				A192FC2B1A3A3C4100B36C15 /* AppDelegate.m */,
				A192FC2D1A3A3C4100B36C15 /* ViewController.h */,
				A192FC2E1A3A3C4100B36C15 /* ViewController.m */,
				A192FC4C1A42353E00B36C15 /* WhiskeyViewController.h */,
				A192FC4D1A42353E00B36C15 /* WhiskeyViewController.m */,
				A192FC4F1A434C2D00B36C15 /* MainMenuViewController.h */,
				A192FC501A434C2D00B36C15 /* MainMenuViewController.m */,
				A192FC331A3A3C4200B36C15 /* Images.xcassets */,
				A192FC351A3A3C4200B36C15 /* LaunchScreen.xib */,
				A192FC261A3A3C4100B36C15 /* Supporting Files */,
			);
			path = Alcolator;
			sourceTree = "<group>";
		};
		A192FC261A3A3C4100B36C15 /* Supporting Files */ = {
			isa = PBXGroup;
			children = (
				A192FC271A3A3C4100B36C15 /* Info.plist */,
				A192FC281A3A3C4100B36C15 /* main.m */,
			);
			name = "Supporting Files";
			sourceTree = "<group>";
		};
		A192FC3F1A3A3C4200B36C15 /* AlcolatorTests */ = {
			isa = PBXGroup;
			children = (
				A192FC421A3A3C4200B36C15 /* AlcolatorTests.m */,
				A192FC401A3A3C4200B36C15 /* Supporting Files */,
			);
			path = AlcolatorTests;
			sourceTree = "<group>";
		};
		A192FC401A3A3C4200B36C15 /* Supporting Files */ = {
			isa = PBXGroup;
			children = (
				A192FC411A3A3C4200B36C15 /* Info.plist */,
			);
			name = "Supporting Files";
			sourceTree = "<group>";
		};
/* End PBXGroup section */

/* Begin PBXNativeTarget section */
		A192FC221A3A3C4100B36C15 /* Alcolator */ = {
			isa = PBXNativeTarget;
			buildConfigurationList = A192FC461A3A3C4200B36C15 /* Build configuration list for PBXNativeTarget "Alcolator" */;
			buildPhases = (
				A192FC1F1A3A3C4100B36C15 /* Sources */,
				A192FC201A3A3C4100B36C15 /* Frameworks */,
				A192FC211A3A3C4100B36C15 /* Resources */,
			);
			buildRules = (
			);
			dependencies = (
			);
			name = Alcolator;
			productName = Alcolator;
			productReference = A192FC231A3A3C4100B36C15 /* Alcolator.app */;
			productType = "com.apple.product-type.application";
		};
		A192FC3B1A3A3C4200B36C15 /* AlcolatorTests */ = {
			isa = PBXNativeTarget;
			buildConfigurationList = A192FC491A3A3C4200B36C15 /* Build configuration list for PBXNativeTarget "AlcolatorTests" */;
			buildPhases = (
				A192FC381A3A3C4200B36C15 /* Sources */,
				A192FC391A3A3C4200B36C15 /* Frameworks */,
				A192FC3A1A3A3C4200B36C15 /* Resources */,
			);
			buildRules = (
			);
			dependencies = (
				A192FC3E1A3A3C4200B36C15 /* PBXTargetDependency */,
			);
			name = AlcolatorTests;
			productName = AlcolatorTests;
			productReference = A192FC3C1A3A3C4200B36C15 /* AlcolatorTests.xctest */;
			productType = "com.apple.product-type.bundle.unit-test";
		};
/* End PBXNativeTarget section */

/* Begin PBXProject section */
		A192FC1B1A3A3C4100B36C15 /* Project object */ = {
			isa = PBXProject;
			attributes = {
				LastUpgradeCheck = 0610;
				ORGANIZATIONNAME = "Tmrw, Inc.";
				TargetAttributes = {
					A192FC221A3A3C4100B36C15 = {
						CreatedOnToolsVersion = 6.1.1;
					};
					A192FC3B1A3A3C4200B36C15 = {
						CreatedOnToolsVersion = 6.1.1;
						TestTargetID = A192FC221A3A3C4100B36C15;
					};
				};
			};
			buildConfigurationList = A192FC1E1A3A3C4100B36C15 /* Build configuration list for PBXProject "Alcolator" */;
			compatibilityVersion = "Xcode 3.2";
			developmentRegion = English;
			hasScannedForEncodings = 0;
			knownRegions = (
				en,
				Base,
			);
			mainGroup = A192FC1A1A3A3C4100B36C15;
			productRefGroup = A192FC241A3A3C4100B36C15 /* Products */;
			projectDirPath = "";
			projectRoot = "";
			targets = (
				A192FC221A3A3C4100B36C15 /* Alcolator */,
				A192FC3B1A3A3C4200B36C15 /* AlcolatorTests */,
			);
		};
/* End PBXProject section */

/* Begin PBXResourcesBuildPhase section */
		A192FC211A3A3C4100B36C15 /* Resources */ = {
			isa = PBXResourcesBuildPhase;
			buildActionMask = 2147483647;
			files = (
				A192FC371A3A3C4200B36C15 /* LaunchScreen.xib in Resources */,
				A192FC341A3A3C4200B36C15 /* Images.xcassets in Resources */,
			);
			runOnlyForDeploymentPostprocessing = 0;
		};
		A192FC3A1A3A3C4200B36C15 /* Resources */ = {
			isa = PBXResourcesBuildPhase;
			buildActionMask = 2147483647;
			files = (
			);
			runOnlyForDeploymentPostprocessing = 0;
		};
/* End PBXResourcesBuildPhase section */

/* Begin PBXSourcesBuildPhase section */
		A192FC1F1A3A3C4100B36C15 /* Sources */ = {
			isa = PBXSourcesBuildPhase;
			buildActionMask = 2147483647;
			files = (
				A192FC2F1A3A3C4100B36C15 /* ViewController.m in Sources */,
				A192FC4E1A42353E00B36C15 /* WhiskeyViewController.m in Sources */,
				A192FC2C1A3A3C4100B36C15 /* AppDelegate.m in Sources */,
				A192FC291A3A3C4100B36C15 /* main.m in Sources */,
				A192FC511A434C2D00B36C15 /* MainMenuViewController.m in Sources */,
			);
			runOnlyForDeploymentPostprocessing = 0;
		};
		A192FC381A3A3C4200B36C15 /* Sources */ = {
			isa = PBXSourcesBuildPhase;
			buildActionMask = 2147483647;
			files = (
				A192FC431A3A3C4200B36C15 /* AlcolatorTests.m in Sources */,
			);
			runOnlyForDeploymentPostprocessing = 0;
		};
/* End PBXSourcesBuildPhase section */

/* Begin PBXTargetDependency section */
		A192FC3E1A3A3C4200B36C15 /* PBXTargetDependency */ = {
			isa = PBXTargetDependency;
			target = A192FC221A3A3C4100B36C15 /* Alcolator */;
			targetProxy = A192FC3D1A3A3C4200B36C15 /* PBXContainerItemProxy */;
		};
/* End PBXTargetDependency section */

/* Begin PBXVariantGroup section */
		A192FC351A3A3C4200B36C15 /* LaunchScreen.xib */ = {
			isa = PBXVariantGroup;
			children = (
				A192FC361A3A3C4200B36C15 /* Base */,
			);
			name = LaunchScreen.xib;
			sourceTree = "<group>";
		};
/* End PBXVariantGroup section */

/* Begin XCBuildConfiguration section */
		A192FC441A3A3C4200B36C15 /* Debug */ = {
			isa = XCBuildConfiguration;
			buildSettings = {
				ALWAYS_SEARCH_USER_PATHS = NO;
				CLANG_CXX_LANGUAGE_STANDARD = "gnu++0x";
				CLANG_CXX_LIBRARY = "libc++";
				CLANG_ENABLE_MODULES = YES;
				CLANG_ENABLE_OBJC_ARC = YES;
				CLANG_WARN_BOOL_CONVERSION = YES;
				CLANG_WARN_CONSTANT_CONVERSION = YES;
				CLANG_WARN_DIRECT_OBJC_ISA_USAGE = YES_ERROR;
				CLANG_WARN_EMPTY_BODY = YES;
				CLANG_WARN_ENUM_CONVERSION = YES;
				CLANG_WARN_INT_CONVERSION = YES;
				CLANG_WARN_OBJC_ROOT_CLASS = YES_ERROR;
				CLANG_WARN_UNREACHABLE_CODE = YES;
				CLANG_WARN__DUPLICATE_METHOD_MATCH = YES;
				"CODE_SIGN_IDENTITY[sdk=iphoneos*]" = "iPhone Developer";
				COPY_PHASE_STRIP = NO;
				ENABLE_STRICT_OBJC_MSGSEND = YES;
				GCC_C_LANGUAGE_STANDARD = gnu99;
				GCC_DYNAMIC_NO_PIC = NO;
				GCC_OPTIMIZATION_LEVEL = 0;
				GCC_PREPROCESSOR_DEFINITIONS = (
					"DEBUG=1",
					"$(inherited)",
				);
				GCC_SYMBOLS_PRIVATE_EXTERN = NO;
				GCC_WARN_64_TO_32_BIT_CONVERSION = YES;
				GCC_WARN_ABOUT_RETURN_TYPE = YES_ERROR;
				GCC_WARN_UNDECLARED_SELECTOR = YES;
				GCC_WARN_UNINITIALIZED_AUTOS = YES_AGGRESSIVE;
				GCC_WARN_UNUSED_FUNCTION = YES;
				GCC_WARN_UNUSED_VARIABLE = YES;
				IPHONEOS_DEPLOYMENT_TARGET = 8.1;
				MTL_ENABLE_DEBUG_INFO = YES;
				ONLY_ACTIVE_ARCH = YES;
				SDKROOT = iphoneos;
			};
			name = Debug;
		};
		A192FC451A3A3C4200B36C15 /* Release */ = {
			isa = XCBuildConfiguration;
			buildSettings = {
				ALWAYS_SEARCH_USER_PATHS = NO;
				CLANG_CXX_LANGUAGE_STANDARD = "gnu++0x";
				CLANG_CXX_LIBRARY = "libc++";
				CLANG_ENABLE_MODULES = YES;
				CLANG_ENABLE_OBJC_ARC = YES;
				CLANG_WARN_BOOL_CONVERSION = YES;
				CLANG_WARN_CONSTANT_CONVERSION = YES;
				CLANG_WARN_DIRECT_OBJC_ISA_USAGE = YES_ERROR;
				CLANG_WARN_EMPTY_BODY = YES;
				CLANG_WARN_ENUM_CONVERSION = YES;
				CLANG_WARN_INT_CONVERSION = YES;
				CLANG_WARN_OBJC_ROOT_CLASS = YES_ERROR;
				CLANG_WARN_UNREACHABLE_CODE = YES;
				CLANG_WARN__DUPLICATE_METHOD_MATCH = YES;
				"CODE_SIGN_IDENTITY[sdk=iphoneos*]" = "iPhone Developer";
				COPY_PHASE_STRIP = YES;
				ENABLE_NS_ASSERTIONS = NO;
				ENABLE_STRICT_OBJC_MSGSEND = YES;
				GCC_C_LANGUAGE_STANDARD = gnu99;
				GCC_WARN_64_TO_32_BIT_CONVERSION = YES;
				GCC_WARN_ABOUT_RETURN_TYPE = YES_ERROR;
				GCC_WARN_UNDECLARED_SELECTOR = YES;
				GCC_WARN_UNINITIALIZED_AUTOS = YES_AGGRESSIVE;
				GCC_WARN_UNUSED_FUNCTION = YES;
				GCC_WARN_UNUSED_VARIABLE = YES;
				IPHONEOS_DEPLOYMENT_TARGET = 8.1;
				MTL_ENABLE_DEBUG_INFO = NO;
				SDKROOT = iphoneos;
				VALIDATE_PRODUCT = YES;
			};
			name = Release;
		};
		A192FC471A3A3C4200B36C15 /* Debug */ = {
			isa = XCBuildConfiguration;
			buildSettings = {
				ASSETCATALOG_COMPILER_APPICON_NAME = AppIcon;
				INFOPLIST_FILE = Alcolator/Info.plist;
				LD_RUNPATH_SEARCH_PATHS = "$(inherited) @executable_path/Frameworks";
				PRODUCT_NAME = "$(TARGET_NAME)";
				TARGETED_DEVICE_FAMILY = "1,2";
			};
			name = Debug;
		};
		A192FC481A3A3C4200B36C15 /* Release */ = {
			isa = XCBuildConfiguration;
			buildSettings = {
				ASSETCATALOG_COMPILER_APPICON_NAME = AppIcon;
				INFOPLIST_FILE = Alcolator/Info.plist;
				LD_RUNPATH_SEARCH_PATHS = "$(inherited) @executable_path/Frameworks";
				PRODUCT_NAME = "$(TARGET_NAME)";
				TARGETED_DEVICE_FAMILY = "1,2";
			};
			name = Release;
		};
		A192FC4A1A3A3C4200B36C15 /* Debug */ = {
			isa = XCBuildConfiguration;
			buildSettings = {
				BUNDLE_LOADER = "$(TEST_HOST)";
				FRAMEWORK_SEARCH_PATHS = (
					"$(SDKROOT)/Developer/Library/Frameworks",
					"$(inherited)",
				);
				GCC_PREPROCESSOR_DEFINITIONS = (
					"DEBUG=1",
					"$(inherited)",
				);
				INFOPLIST_FILE = AlcolatorTests/Info.plist;
				LD_RUNPATH_SEARCH_PATHS = "$(inherited) @executable_path/Frameworks @loader_path/Frameworks";
				PRODUCT_NAME = "$(TARGET_NAME)";
				TEST_HOST = "$(BUILT_PRODUCTS_DIR)/Alcolator.app/Alcolator";
			};
			name = Debug;
		};
		A192FC4B1A3A3C4200B36C15 /* Release */ = {
			isa = XCBuildConfiguration;
			buildSettings = {
				BUNDLE_LOADER = "$(TEST_HOST)";
				FRAMEWORK_SEARCH_PATHS = (
					"$(SDKROOT)/Developer/Library/Frameworks",
					"$(inherited)",
				);
				INFOPLIST_FILE = AlcolatorTests/Info.plist;
				LD_RUNPATH_SEARCH_PATHS = "$(inherited) @executable_path/Frameworks @loader_path/Frameworks";
				PRODUCT_NAME = "$(TARGET_NAME)";
				TEST_HOST = "$(BUILT_PRODUCTS_DIR)/Alcolator.app/Alcolator";
			};
			name = Release;
		};
/* End XCBuildConfiguration section */

/* Begin XCConfigurationList section */
		A192FC1E1A3A3C4100B36C15 /* Build configuration list for PBXProject "Alcolator" */ = {
			isa = XCConfigurationList;
			buildConfigurations = (
				A192FC441A3A3C4200B36C15 /* Debug */,
				A192FC451A3A3C4200B36C15 /* Release */,
			);
			defaultConfigurationIsVisible = 0;
			defaultConfigurationName = Release;
		};
		A192FC461A3A3C4200B36C15 /* Build configuration list for PBXNativeTarget "Alcolator" */ = {
			isa = XCConfigurationList;
			buildConfigurations = (
				A192FC471A3A3C4200B36C15 /* Debug */,
				A192FC481A3A3C4200B36C15 /* Release */,
			);
			defaultConfigurationIsVisible = 0;
			defaultConfigurationName = Release;
		};
		A192FC491A3A3C4200B36C15 /* Build configuration list for PBXNativeTarget "AlcolatorTests" */ = {
			isa = XCConfigurationList;
			buildConfigurations = (
				A192FC4A1A3A3C4200B36C15 /* Debug */,
				A192FC4B1A3A3C4200B36C15 /* Release */,
			);
			defaultConfigurationIsVisible = 0;
			defaultConfigurationName = Release;
		};
/* End XCConfigurationList section */
	};
	rootObject = A192FC1B1A3A3C4100B36C15 /* Project object */;
}
